{"1.2.0",
[{<<"base64url">>,{pkg,<<"base64url">>,<<"1.0.1">>},0},
 {<<"certifi">>,{pkg,<<"certifi">>,<<"2.12.0">>},2},
 {<<"cfapi">>,{pkg,<<"harness_ff_erlang_client_api">>,<<"1.0.4">>},0},
 {<<"ctx">>,{pkg,<<"ctx">>,<<"0.6.0">>},0},
 {<<"hackney">>,{pkg,<<"hackney">>,<<"1.20.1">>},1},
 {<<"idna">>,{pkg,<<"idna">>,<<"6.1.1">>},2},
 {<<"jsx">>,{pkg,<<"jsx">>,<<"3.1.0">>},1},
 {<<"metrics">>,{pkg,<<"metrics">>,<<"1.0.1">>},2},
 {<<"mimerl">>,{pkg,<<"mimerl">>,<<"1.4.0">>},2},
 {<<"mochiweb">>,{pkg,<<"mochiweb">>,<<"3.2.2">>},0},
 {<<"murmur">>,{pkg,<<"murmur">>,<<"1.0.3">>},0},
 {<<"parse_trans">>,{pkg,<<"parse_trans">>,<<"3.4.1">>},2},
 {<<"ssl_verify_fun">>,{pkg,<<"ssl_verify_fun">>,<<"1.1.7">>},2},
 {<<"unicode_util_compat">>,{pkg,<<"unicode_util_compat">>,<<"0.7.1">>},2}]}.
[
{pkg_hash,[
 {<<"base64url">>, <<"F8C7F2DA04CA9A5D0F5F50258F055E1D699F0E8BF4CFDB30B750865368403CF6">>},
 {<<"certifi">>, <<"2D1CCA2EC95F59643862AF91F001478C9863C2AC9CB6E2F89780BFD8DE987329">>},
 {<<"cfapi">>, <<"90A7FD264445F9C0B452492A3DE2E6AB16B600D92A0190236A7DBB5BFCE54C4B">>},
 {<<"ctx">>, <<"8FF88B70E6400C4DF90142E7F130625B82086077A45364A78D208ED3ED53C7FE">>},
 {<<"hackney">>, <<"8D97AEC62DDDDD757D128BFD1DF6C5861093419F8F7A4223823537BAD5D064E2">>},
 {<<"idna">>, <<"8A63070E9F7D0C62EB9D9FCB360A7DE382448200FBBD1B106CC96D3D8099DF8D">>},
 {<<"jsx">>, <<"D12516BAA0BB23A59BB35DCCAF02A1BD08243FCBB9EFE24F2D9D056CCFF71268">>},
 {<<"metrics">>, <<"25F094DEA2CDA98213CECC3AEFF09E940299D950904393B2A29D191C346A8486">>},
 {<<"mimerl">>, <<"3882A5CA67FBBE7117BA8947F27643557ADEC38FA2307490C4C4207624CB213B">>},
 {<<"mochiweb">>, <<"BB435384B3B9FD1F92F2F3FE652EA644432877A3E8A81ED6459CE951E0482AD3">>},
 {<<"murmur">>, <<"ADE5E9CDB86300645ABF72ABBE064A87BC943678DF2567986D720A70C8F48214">>},
 {<<"parse_trans">>, <<"6E6AA8167CB44CC8F39441D05193BE6E6F4E7C2946CB2759F015F8C56B76E5FF">>},
 {<<"ssl_verify_fun">>, <<"354C321CF377240C7B8716899E182CE4890C5938111A1296ADD3EC74CF1715DF">>},
 {<<"unicode_util_compat">>, <<"A48703A25C170EEDADCA83B11E88985AF08D35F37C6F664D6DCFB106A97782FC">>}]},
{pkg_hash_ext,[
 {<<"base64url">>, <<"F9B3ADD4731A02A9B0410398B475B33E7566A695365237A6BDEE1BB447719F5C">>},
 {<<"certifi">>, <<"EE68D85DF22E554040CDB4BE100F33873AC6051387BAF6A8F6CE82272340FF1C">>},
 {<<"cfapi">>, <<"6AF5B9F13B66457A8B09A177E7EE1234686861990E188A9B008D7CBABA3177F7">>},
 {<<"ctx">>, <<"A14ED2D1B67723DBEBBE423B28D7615EB0BDCBA6FF28F2D1F1B0A7E1D4AA5FC2">>},
 {<<"hackney">>, <<"FE9094E5F1A2A2C0A7D10918FEE36BFEC0EC2A979994CFF8CFE8058CD9AF38E3">>},
 {<<"idna">>, <<"92376EB7894412ED19AC475E4A86F7B413C1B9FBB5BD16DCCD57934157944CEA">>},
 {<<"jsx">>, <<"0C5CC8FDC11B53CC25CF65AC6705AD39E54ECC56D1C22E4ADB8F5A53FB9427F3">>},
 {<<"metrics">>, <<"69B09ADDDC4F74A40716AE54D140F93BEB0FB8978D8636EADED0C31B6F099F16">>},
 {<<"mimerl">>, <<"13AF15F9F68C65884ECCA3A3891D50A7B57D82152792F3E19D88650AA126B144">>},
 {<<"mochiweb">>, <<"4114E51F1B44C270B3242D91294FE174CE1ED989100E8B65A1FAB58E0CBA41D5">>},
 {<<"murmur">>, <<"02B4DDA9327AC6650CC9A8D007EC5244B609397B9110C5AD8549224EEF9AFC60">>},
 {<<"parse_trans">>, <<"620A406CE75DADA827B82E453C19CF06776BE266F5A67CFF34E1EF2CBB60E49A">>},
 {<<"ssl_verify_fun">>, <<"FE4C190E8F37401D30167C8C405EDA19469F34577987C76DDE613E838BBC67F8">>},
 {<<"unicode_util_compat">>, <<"B3A917854CE3AE233619744AD1E0102E05673136776FB2FA76234F3E03B23642">>}]}
].
