{"1.2.0",
[{<<"base64url">>,{pkg,<<"base64url">>,<<"1.0.1">>},0},
 {<<"certifi">>,{pkg,<<"certifi">>,<<"2.9.0">>},2},
 {<<"cfapi">>,
  {git,"https://github.com/reachfh/ff-erlang-client-api",
       {ref,"cdfd651b6c2d81d8cf9b9d876caf037f810f1d9e"}},
  0},
 {<<"ctx">>,{pkg,<<"ctx">>,<<"0.6.0">>},0},
 {<<"erlang_murmurhash">>,
  {git,"https://github.com/harness-apps/erlang-murmurhash",
       {ref,"d5d013b9cdf37dba89473a06cd853fda02c4a3c5"}},
  0},
 {<<"hackney">>,{pkg,<<"hackney">>,<<"1.18.1">>},1},
 {<<"idna">>,{pkg,<<"idna">>,<<"6.1.1">>},2},
 {<<"jsx">>,{pkg,<<"jsx">>,<<"3.1.0">>},1},
 {<<"metrics">>,{pkg,<<"metrics">>,<<"1.0.1">>},2},
 {<<"mimerl">>,{pkg,<<"mimerl">>,<<"1.2.0">>},2},
 {<<"mochiweb">>,{pkg,<<"mochiweb">>,<<"3.1.1">>},0},
 {<<"parse_trans">>,{pkg,<<"parse_trans">>,<<"3.3.1">>},2},
 {<<"ssl_verify_fun">>,{pkg,<<"ssl_verify_fun">>,<<"1.1.6">>},2},
 {<<"unicode_util_compat">>,{pkg,<<"unicode_util_compat">>,<<"0.7.0">>},2}]}.
[
{pkg_hash,[
 {<<"base64url">>, <<"F8C7F2DA04CA9A5D0F5F50258F055E1D699F0E8BF4CFDB30B750865368403CF6">>},
 {<<"certifi">>, <<"6F2A475689DD47F19FB74334859D460A2DC4E3252A3324BD2111B8F0429E7E21">>},
 {<<"ctx">>, <<"8FF88B70E6400C4DF90142E7F130625B82086077A45364A78D208ED3ED53C7FE">>},
 {<<"hackney">>, <<"F48BF88F521F2A229FC7BAE88CF4F85ADC9CD9BCF23B5DC8EB6A1788C662C4F6">>},
 {<<"idna">>, <<"8A63070E9F7D0C62EB9D9FCB360A7DE382448200FBBD1B106CC96D3D8099DF8D">>},
 {<<"jsx">>, <<"D12516BAA0BB23A59BB35DCCAF02A1BD08243FCBB9EFE24F2D9D056CCFF71268">>},
 {<<"metrics">>, <<"25F094DEA2CDA98213CECC3AEFF09E940299D950904393B2A29D191C346A8486">>},
 {<<"mimerl">>, <<"67E2D3F571088D5CFD3E550C383094B47159F3EEE8FFA08E64106CDF5E981BE3">>},
 {<<"mochiweb">>, <<"C628CC4518A3CA0F2FB6B8973DCBDC9135635F834B64AEE846337583AFD42084">>},
 {<<"parse_trans">>, <<"16328AB840CC09919BD10DAB29E431DA3AF9E9E7E7E6F0089DD5A2D2820011D8">>},
 {<<"ssl_verify_fun">>, <<"CF344F5692C82D2CD7554F5EC8FD961548D4FD09E7D22F5B62482E5AEAEBD4B0">>},
 {<<"unicode_util_compat">>, <<"BC84380C9AB48177092F43AC89E4DFA2C6D62B40B8BD132B1059ECC7232F9A78">>}]},
{pkg_hash_ext,[
 {<<"base64url">>, <<"F9B3ADD4731A02A9B0410398B475B33E7566A695365237A6BDEE1BB447719F5C">>},
 {<<"certifi">>, <<"266DA46BDB06D6C6D35FDE799BCB28D36D985D424AD7C08B5BB48F5B5CDD4641">>},
 {<<"ctx">>, <<"A14ED2D1B67723DBEBBE423B28D7615EB0BDCBA6FF28F2D1F1B0A7E1D4AA5FC2">>},
 {<<"hackney">>, <<"A4ECDAFF44297E9B5894AE499E9A070EA1888C84AFDD1FD9B7B2BC384950128E">>},
 {<<"idna">>, <<"92376EB7894412ED19AC475E4A86F7B413C1B9FBB5BD16DCCD57934157944CEA">>},
 {<<"jsx">>, <<"0C5CC8FDC11B53CC25CF65AC6705AD39E54ECC56D1C22E4ADB8F5A53FB9427F3">>},
 {<<"metrics">>, <<"69B09ADDDC4F74A40716AE54D140F93BEB0FB8978D8636EADED0C31B6F099F16">>},
 {<<"mimerl">>, <<"F278585650AA581986264638EBF698F8BB19DF297F66AD91B18910DFC6E19323">>},
 {<<"mochiweb">>, <<"8B5ECFECC26D5D083F9BEC5CE969D717676B6A4FACBDF5915E0498CDFE035A26">>},
 {<<"parse_trans">>, <<"07CD9577885F56362D414E8C4C4E6BDF10D43A8767ABB92D24CBE8B24C54888B">>},
 {<<"ssl_verify_fun">>, <<"BDB0D2471F453C88FF3908E7686F86F9BE327D065CC1EC16FA4540197EA04680">>},
 {<<"unicode_util_compat">>, <<"25EEE6D67DF61960CF6A794239566599B09E17E668D3700247BC498638152521">>}]}
].
